
Microsoft Visual Studio Solution File, Format Version 12.00
# Visual Studio Version 17
VisualStudioVersion = 17.7.34018.315
MinimumVisualStudioVersion = 10.0.40219.1
Project("{9A19103F-16F7-4668-BE54-9A1E7A4F7556}") = "Modul1", "Modul1\Modul1.csproj", "{B3586CB5-E2D0-419E-823D-2B9B5068B05D}"
EndProject
Project("{9A19103F-16F7-4668-BE54-9A1E7A4F7556}") = "Modul2", "Modul2\Modul2.csproj", "{38457AD6-7B67-4488-9BC8-29B7CCBF86DF}"
EndProject
Project("{9A19103F-16F7-4668-BE54-9A1E7A4F7556}") = "Modul3", "Modul3\Modul3.csproj", "{4CF4813D-85E5-48E2-833B-600966691839}"
EndProject
Project("{9A19103F-16F7-4668-BE54-9A1E7A4F7556}") = "Modul4", "Modul4\Modul4.csproj", "{07E3A78E-CB72-49EE-B12F-48CC5BC1A811}"
EndProject
Project("{9A19103F-16F7-4668-BE54-9A1E7A4F7556}") = "Modul5", "Modul5\Modul5.csproj", "{B46CE296-C7C0-40F4-83D7-AF5726D4BB1E}"
EndProject
Project("{9A19103F-16F7-4668-BE54-9A1E7A4F7556}") = "Modul6", "Modul6\Modul6.csproj", "{3EB1E29D-8371-47BB-8129-4F63D22970DC}"
EndProject
Project("{9A19103F-16F7-4668-BE54-9A1E7A4F7556}") = "Modul6-Ole", "Modul6-Ole\Modul6-Ole.csproj", "{1BE46ECC-CEB1-4AE6-A6D5-C1F25002A04D}"
EndProject
Project("{9A19103F-16F7-4668-BE54-9A1E7A4F7556}") = "Modul7", "Modul7\Modul7.csproj", "{7927B47E-58FD-4C97-A8B4-49199E0056CA}"
EndProject
Project("{9A19103F-16F7-4668-BE54-9A1E7A4F7556}") = "Modul8_BlazorApp1.Server", "Modul8_BlazorApp1\Server\Modul8_BlazorApp1.Server.csproj", "{987D497A-E88E-4980-8DAE-42E8FBAB9DBD}"
EndProject
Project("{9A19103F-16F7-4668-BE54-9A1E7A4F7556}") = "Modul8_BlazorApp1.Client", "Modul8_BlazorApp1\Client\Modul8_BlazorApp1.Client.csproj", "{D46354B9-F563-4A50-97C0-F443F9D5CFFC}"
EndProject
Project("{9A19103F-16F7-4668-BE54-9A1E7A4F7556}") = "Modul8_BlazorApp1.Shared", "Modul8_BlazorApp1\Shared\Modul8_BlazorApp1.Shared.csproj", "{A0948358-AA8D-472F-84C1-18F144DCCF38}"
EndProject
Project("{2150E333-8FDC-42A3-9474-1A3956D46DE8}") = "Modul8", "Modul8", "{BB23091B-53A3-4744-B7F5-2225CB115C71}"
EndProject
Project("{2150E333-8FDC-42A3-9474-1A3956D46DE8}") = "Modul14", "Modul14", "{64B1E578-E49E-4AD2-9CAD-0FA56158C82F}"
EndProject
Project("{FAE04EC0-301F-11D3-BF4B-00C04F79EFBC}") = "Modul14Sql.Server", "Modul14Sql\Server\Modul14Sql.Server.csproj", "{C062E56A-3D6E-48E8-9B18-58AF49F093CA}"
EndProject
Project("{FAE04EC0-301F-11D3-BF4B-00C04F79EFBC}") = "Modul14Sql.Client", "Modul14Sql\Client\Modul14Sql.Client.csproj", "{F2959D5A-C164-49B4-AC9A-A5073B4A44D1}"
EndProject
Project("{FAE04EC0-301F-11D3-BF4B-00C04F79EFBC}") = "Modul14Sql.Shared", "Modul14Sql\Shared\Modul14Sql.Shared.csproj", "{5AA742A4-88F3-400F-B275-A508A5069A4B}"
EndProject
Global
	GlobalSection(SolutionConfigurationPlatforms) = preSolution
		Debug|Any CPU = Debug|Any CPU
		Release|Any CPU = Release|Any CPU
	EndGlobalSection
	GlobalSection(ProjectConfigurationPlatforms) = postSolution
		{B3586CB5-E2D0-419E-823D-2B9B5068B05D}.Debug|Any CPU.ActiveCfg = Debug|Any CPU
		{B3586CB5-E2D0-419E-823D-2B9B5068B05D}.Debug|Any CPU.Build.0 = Debug|Any CPU
		{B3586CB5-E2D0-419E-823D-2B9B5068B05D}.Release|Any CPU.ActiveCfg = Release|Any CPU
		{B3586CB5-E2D0-419E-823D-2B9B5068B05D}.Release|Any CPU.Build.0 = Release|Any CPU
		{38457AD6-7B67-4488-9BC8-29B7CCBF86DF}.Debug|Any CPU.ActiveCfg = Debug|Any CPU
		{38457AD6-7B67-4488-9BC8-29B7CCBF86DF}.Debug|Any CPU.Build.0 = Debug|Any CPU
		{38457AD6-7B67-4488-9BC8-29B7CCBF86DF}.Release|Any CPU.ActiveCfg = Release|Any CPU
		{38457AD6-7B67-4488-9BC8-29B7CCBF86DF}.Release|Any CPU.Build.0 = Release|Any CPU
		{4CF4813D-85E5-48E2-833B-600966691839}.Debug|Any CPU.ActiveCfg = Debug|Any CPU
		{4CF4813D-85E5-48E2-833B-600966691839}.Debug|Any CPU.Build.0 = Debug|Any CPU
		{4CF4813D-85E5-48E2-833B-600966691839}.Release|Any CPU.ActiveCfg = Release|Any CPU
		{4CF4813D-85E5-48E2-833B-600966691839}.Release|Any CPU.Build.0 = Release|Any CPU
		{07E3A78E-CB72-49EE-B12F-48CC5BC1A811}.Debug|Any CPU.ActiveCfg = Debug|Any CPU
		{07E3A78E-CB72-49EE-B12F-48CC5BC1A811}.Debug|Any CPU.Build.0 = Debug|Any CPU
		{07E3A78E-CB72-49EE-B12F-48CC5BC1A811}.Release|Any CPU.ActiveCfg = Release|Any CPU
		{07E3A78E-CB72-49EE-B12F-48CC5BC1A811}.Release|Any CPU.Build.0 = Release|Any CPU
		{B46CE296-C7C0-40F4-83D7-AF5726D4BB1E}.Debug|Any CPU.ActiveCfg = Debug|Any CPU
		{B46CE296-C7C0-40F4-83D7-AF5726D4BB1E}.Debug|Any CPU.Build.0 = Debug|Any CPU
		{B46CE296-C7C0-40F4-83D7-AF5726D4BB1E}.Release|Any CPU.ActiveCfg = Release|Any CPU
		{B46CE296-C7C0-40F4-83D7-AF5726D4BB1E}.Release|Any CPU.Build.0 = Release|Any CPU
		{3EB1E29D-8371-47BB-8129-4F63D22970DC}.Debug|Any CPU.ActiveCfg = Debug|Any CPU
		{3EB1E29D-8371-47BB-8129-4F63D22970DC}.Debug|Any CPU.Build.0 = Debug|Any CPU
		{3EB1E29D-8371-47BB-8129-4F63D22970DC}.Release|Any CPU.ActiveCfg = Release|Any CPU
		{3EB1E29D-8371-47BB-8129-4F63D22970DC}.Release|Any CPU.Build.0 = Release|Any CPU
		{1BE46ECC-CEB1-4AE6-A6D5-C1F25002A04D}.Debug|Any CPU.ActiveCfg = Debug|Any CPU
		{1BE46ECC-CEB1-4AE6-A6D5-C1F25002A04D}.Debug|Any CPU.Build.0 = Debug|Any CPU
		{1BE46ECC-CEB1-4AE6-A6D5-C1F25002A04D}.Release|Any CPU.ActiveCfg = Release|Any CPU
		{1BE46ECC-CEB1-4AE6-A6D5-C1F25002A04D}.Release|Any CPU.Build.0 = Release|Any CPU
		{7927B47E-58FD-4C97-A8B4-49199E0056CA}.Debug|Any CPU.ActiveCfg = Debug|Any CPU
		{7927B47E-58FD-4C97-A8B4-49199E0056CA}.Debug|Any CPU.Build.0 = Debug|Any CPU
		{7927B47E-58FD-4C97-A8B4-49199E0056CA}.Release|Any CPU.ActiveCfg = Release|Any CPU
		{7927B47E-58FD-4C97-A8B4-49199E0056CA}.Release|Any CPU.Build.0 = Release|Any CPU
		{987D497A-E88E-4980-8DAE-42E8FBAB9DBD}.Debug|Any CPU.ActiveCfg = Debug|Any CPU
		{987D497A-E88E-4980-8DAE-42E8FBAB9DBD}.Debug|Any CPU.Build.0 = Debug|Any CPU
		{987D497A-E88E-4980-8DAE-42E8FBAB9DBD}.Release|Any CPU.ActiveCfg = Release|Any CPU
		{987D497A-E88E-4980-8DAE-42E8FBAB9DBD}.Release|Any CPU.Build.0 = Release|Any CPU
		{D46354B9-F563-4A50-97C0-F443F9D5CFFC}.Debug|Any CPU.ActiveCfg = Debug|Any CPU
		{D46354B9-F563-4A50-97C0-F443F9D5CFFC}.Debug|Any CPU.Build.0 = Debug|Any CPU
		{D46354B9-F563-4A50-97C0-F443F9D5CFFC}.Release|Any CPU.ActiveCfg = Release|Any CPU
		{D46354B9-F563-4A50-97C0-F443F9D5CFFC}.Release|Any CPU.Build.0 = Release|Any CPU
		{A0948358-AA8D-472F-84C1-18F144DCCF38}.Debug|Any CPU.ActiveCfg = Debug|Any CPU
		{A0948358-AA8D-472F-84C1-18F144DCCF38}.Debug|Any CPU.Build.0 = Debug|Any CPU
		{A0948358-AA8D-472F-84C1-18F144DCCF38}.Release|Any CPU.ActiveCfg = Release|Any CPU
		{A0948358-AA8D-472F-84C1-18F144DCCF38}.Release|Any CPU.Build.0 = Release|Any CPU
		{C062E56A-3D6E-48E8-9B18-58AF49F093CA}.Debug|Any CPU.ActiveCfg = Debug|Any CPU
		{C062E56A-3D6E-48E8-9B18-58AF49F093CA}.Debug|Any CPU.Build.0 = Debug|Any CPU
		{C062E56A-3D6E-48E8-9B18-58AF49F093CA}.Release|Any CPU.ActiveCfg = Release|Any CPU
		{C062E56A-3D6E-48E8-9B18-58AF49F093CA}.Release|Any CPU.Build.0 = Release|Any CPU
		{F2959D5A-C164-49B4-AC9A-A5073B4A44D1}.Debug|Any CPU.ActiveCfg = Debug|Any CPU
		{F2959D5A-C164-49B4-AC9A-A5073B4A44D1}.Debug|Any CPU.Build.0 = Debug|Any CPU
		{F2959D5A-C164-49B4-AC9A-A5073B4A44D1}.Release|Any CPU.ActiveCfg = Release|Any CPU
		{F2959D5A-C164-49B4-AC9A-A5073B4A44D1}.Release|Any CPU.Build.0 = Release|Any CPU
		{5AA742A4-88F3-400F-B275-A508A5069A4B}.Debug|Any CPU.ActiveCfg = Debug|Any CPU
		{5AA742A4-88F3-400F-B275-A508A5069A4B}.Debug|Any CPU.Build.0 = Debug|Any CPU
		{5AA742A4-88F3-400F-B275-A508A5069A4B}.Release|Any CPU.ActiveCfg = Release|Any CPU
		{5AA742A4-88F3-400F-B275-A508A5069A4B}.Release|Any CPU.Build.0 = Release|Any CPU
	EndGlobalSection
	GlobalSection(SolutionProperties) = preSolution
		HideSolutionNode = FALSE
	EndGlobalSection
	GlobalSection(NestedProjects) = preSolution
		{987D497A-E88E-4980-8DAE-42E8FBAB9DBD} = {BB23091B-53A3-4744-B7F5-2225CB115C71}
		{D46354B9-F563-4A50-97C0-F443F9D5CFFC} = {BB23091B-53A3-4744-B7F5-2225CB115C71}
		{A0948358-AA8D-472F-84C1-18F144DCCF38} = {BB23091B-53A3-4744-B7F5-2225CB115C71}
		{C062E56A-3D6E-48E8-9B18-58AF49F093CA} = {64B1E578-E49E-4AD2-9CAD-0FA56158C82F}
		{F2959D5A-C164-49B4-AC9A-A5073B4A44D1} = {64B1E578-E49E-4AD2-9CAD-0FA56158C82F}
		{5AA742A4-88F3-400F-B275-A508A5069A4B} = {64B1E578-E49E-4AD2-9CAD-0FA56158C82F}
	EndGlobalSection
	GlobalSection(ExtensibilityGlobals) = postSolution
		SolutionGuid = {04FE3F2E-86C6-4CB1-9E24-7C2A628DD7CC}
	EndGlobalSection
EndGlobal
